<?xml version="1.0" encoding="utf-8"?>
<Project ToolsVersion="4.0" xmlns="http://schemas.microsoft.com/developer/msbuild/2003">
  <ItemGroup>
    <Filter Include="Source Files">
      <UniqueIdentifier>{4FC737F1-C7A5-4376-A066-2A32D752A2FF}</UniqueIdentifier>
      <Extensions>cpp;c;cc;cxx;def;odl;idl;hpj;bat;asm;asmx</Extensions>
    </Filter>
    <Filter Include="Header Files">
      <UniqueIdentifier>{93995380-89BD-4b04-88EB-625FBE52EBFB}</UniqueIdentifier>
      <Extensions>h;hh;hpp;hxx;hm;inl;inc;xsd</Extensions>
    </Filter>
    <Filter Include="Resource Files">
      <UniqueIdentifier>{67DA6AB6-F800-4c08-8B7A-83BB121AAD01}</UniqueIdentifier>
      <Extensions>rc;ico;cur;bmp;dlg;rc2;rct;bin;rgs;gif;jpg;jpeg;jpe;resx;tiff;tif;png;wav;mfcribbon-ms</Extensions>
    </Filter>
    <Filter Include="Header Files\eZ">
      <UniqueIdentifier>{400cac76-af2b-4824-8aa7-b271665449d1}</UniqueIdentifier>
    </Filter>
    <Filter Include="Source Files\eZ">
      <UniqueIdentifier>{6c61fcad-ee38-410c-b602-3fc6fa2f09b3}</UniqueIdentifier>
    </Filter>
  </ItemGroup>
  <ItemGroup>
    <Text Include="ReadMe.txt" />
  </ItemGroup>
  <ItemGroup>
    <ClInclude Include="stdafx.h">
      <Filter>Header Files</Filter>
    </ClInclude>
    <ClInclude Include="targetver.h">
      <Filter>Header Files</Filter>
    </ClInclude>
    <ClInclude Include="eZ\Vector.h">
      <Filter>Header Files\eZ</Filter>
    </ClInclude>
    <ClInclude Include="eZ\Iterator.h">
      <Filter>Header Files\eZ</Filter>
    </ClInclude>
    <ClInclude Include="eZ\String.h">
      <Filter>Header Files\eZ</Filter>
    </ClInclude>
    <ClInclude Include="eZ\Utils.h">
      <Filter>Header Files\eZ</Filter>
    </ClInclude>
  </ItemGroup>
  <ItemGroup>
    <ClCompile Include="stdafx.cpp">
      <Filter>Source Files</Filter>
    </ClCompile>
    <ClCompile Include="main.cpp">
      <Filter>Source Files</Filter>
    </ClCompile>
    <ClCompile Include="eZ\Vector.cpp">
      <Filter>Source Files\eZ</Filter>
    </ClCompile>
    <ClCompile Include="eZ\Iterator.cpp">
      <Filter>Source Files\eZ</Filter>
    </ClCompile>
    <ClCompile Include="eZ\String.cpp">
      <Filter>Source Files\eZ</Filter>
    </ClCompile>
  </ItemGroup>
</Project>